
Microsoft Visual Studio Solution File, Format Version 12.00
# Visual Studio 15
Project("{FAE04EC0-301F-11D3-BF4B-00C04F79EFBC}") = "TemplateMethod", "TemplateMethod\TemplateMethod.csproj", "{45AEA62B-DBA4-48EF-A53B-474F18DD8BA6}"
EndProject
Global
	GlobalSection(SolutionConfigurationPlatforms) = preSolution
		Debug|Any CPU = Debug|Any CPU
		Release|Any CPU = Release|Any CPU
	EndGlobalSection
	GlobalSection(ProjectConfigurationPlatforms) = postSolution
		{45AEA62B-DBA4-48EF-A53B-474F18DD8BA6}.Debug|Any CPU.ActiveCfg = Debug|Any CPU
		{45AEA62B-DBA4-48EF-A53B-474F18DD8BA6}.Debug|Any CPU.Build.0 = Debug|Any CPU
		{45AEA62B-DBA4-48EF-A53B-474F18DD8BA6}.Release|Any CPU.ActiveCfg = Release|Any CPU
		{45AEA62B-DBA4-48EF-A53B-474F18DD8BA6}.Release|Any CPU.Build.0 = Release|Any CPU
	EndGlobalSection
EndGlobal
