
Microsoft Visual Studio Solution File, Format Version 12.00
# Visual Studio 15
Project("{FAE04EC0-301F-11D3-BF4B-00C04F79EFBC}") = "CommandPattern", "CommandPattern\CommandPattern.csproj", "{2FF380F6-6D01-4BA3-A2F0-8FEF768A5454}"
EndProject
Global
	GlobalSection(SolutionConfigurationPlatforms) = preSolution
		Debug|Any CPU = Debug|Any CPU
		Release|Any CPU = Release|Any CPU
	EndGlobalSection
	GlobalSection(ProjectConfigurationPlatforms) = postSolution
		{2FF380F6-6D01-4BA3-A2F0-8FEF768A5454}.Debug|Any CPU.ActiveCfg = Debug|Any CPU
		{2FF380F6-6D01-4BA3-A2F0-8FEF768A5454}.Debug|Any CPU.Build.0 = Debug|Any CPU
		{2FF380F6-6D01-4BA3-A2F0-8FEF768A5454}.Release|Any CPU.ActiveCfg = Release|Any CPU
		{2FF380F6-6D01-4BA3-A2F0-8FEF768A5454}.Release|Any CPU.Build.0 = Release|Any CPU
	EndGlobalSection
EndGlobal
