
Microsoft Visual Studio Solution File, Format Version 12.00
# Visual Studio 15
Project("{FAE04EC0-301F-11D3-BF4B-00C04F79EFBC}") = "AdapterPattern", "AdapterPattern\AdapterPattern.csproj", "{B038C5B5-F853-4855-B512-5C454B54C88E}"
EndProject
Global
	GlobalSection(SolutionConfigurationPlatforms) = preSolution
		Debug|Any CPU = Debug|Any CPU
		Release|Any CPU = Release|Any CPU
	EndGlobalSection
	GlobalSection(ProjectConfigurationPlatforms) = postSolution
		{B038C5B5-F853-4855-B512-5C454B54C88E}.Debug|Any CPU.ActiveCfg = Debug|Any CPU
		{B038C5B5-F853-4855-B512-5C454B54C88E}.Debug|Any CPU.Build.0 = Debug|Any CPU
		{B038C5B5-F853-4855-B512-5C454B54C88E}.Release|Any CPU.ActiveCfg = Release|Any CPU
		{B038C5B5-F853-4855-B512-5C454B54C88E}.Release|Any CPU.Build.0 = Release|Any CPU
	EndGlobalSection
EndGlobal
