Microsoft Visual Studio Solution File, Format Version 12.00
# Visual Studio 15
VisualStudioVersion = 15.0.27924.0
MinimumVisualStudioVersion = 10.0.40219.1
Project("{9A19103F-16F7-4668-BE54-9A1E7A4F7556}") = "AbstractFactory", "AbstractFactory\AbstractFactory.csproj", "{2FE0633C-5518-43E0-98FD-B30178581EE8}"
EndProject
Global
	GlobalSection(SolutionConfigurationPlatforms) = preSolution
		Debug|Any CPU = Debug|Any CPU
		Release|Any CPU = Release|Any CPU
	EndGlobalSection
	GlobalSection(ProjectConfigurationPlatforms) = postSolution
		{2FE0633C-5518-43E0-98FD-B30178581EE8}.Debug|Any CPU.ActiveCfg = Debug|Any CPU
		{2FE0633C-5518-43E0-98FD-B30178581EE8}.Debug|Any CPU.Build.0 = Debug|Any CPU
		{2FE0633C-5518-43E0-98FD-B30178581EE8}.Release|Any CPU.ActiveCfg = Release|Any CPU
		{2FE0633C-5518-43E0-98FD-B30178581EE8}.Release|Any CPU.Build.0 = Release|Any CPU
	EndGlobalSection
	GlobalSection(SolutionProperties) = preSolution
		HideSolutionNode = FALSE
	EndGlobalSection
	GlobalSection(ExtensibilityGlobals) = postSolution
		SolutionGuid = {4E107FBB-7884-4F9C-B9CE-8C6BE515D332}
	EndGlobalSection
EndGlobal
